
Microsoft Visual Studio Solution File, Format Version 12.00
# Visual Studio Version 17
VisualStudioVersion = 17.6.33723.286
MinimumVisualStudioVersion = 10.0.40219.1
Project("{FAE04EC0-301F-11D3-BF4B-00C04F79EFBC}") = "Web-Ui", "Web-Ui\Web-Ui.csproj", "{8DE6169C-CC10-4F12-AA62-7F7EAA351058}"
EndProject
Project("{FAE04EC0-301F-11D3-BF4B-00C04F79EFBC}") = "BusinessLayer", "BusinessLayer\BusinessLayer.csproj", "{D9058CA5-7485-4423-B454-45855D710DFA}"
EndProject
Project("{FAE04EC0-301F-11D3-BF4B-00C04F79EFBC}") = "DataLayer", "DataLayer\DataLayer.csproj", "{B015EB87-DE24-40A9-892F-7259B9DC2D2D}"
EndProject
Global
	GlobalSection(SolutionConfigurationPlatforms) = preSolution
		Debug|Any CPU = Debug|Any CPU
		Release|Any CPU = Release|Any CPU
	EndGlobalSection
	GlobalSection(ProjectConfigurationPlatforms) = postSolution
		{8DE6169C-CC10-4F12-AA62-7F7EAA351058}.Debug|Any CPU.ActiveCfg = Debug|Any CPU
		{8DE6169C-CC10-4F12-AA62-7F7EAA351058}.Debug|Any CPU.Build.0 = Debug|Any CPU
		{8DE6169C-CC10-4F12-AA62-7F7EAA351058}.Release|Any CPU.ActiveCfg = Release|Any CPU
		{8DE6169C-CC10-4F12-AA62-7F7EAA351058}.Release|Any CPU.Build.0 = Release|Any CPU
		{D9058CA5-7485-4423-B454-45855D710DFA}.Debug|Any CPU.ActiveCfg = Debug|Any CPU
		{D9058CA5-7485-4423-B454-45855D710DFA}.Debug|Any CPU.Build.0 = Debug|Any CPU
		{D9058CA5-7485-4423-B454-45855D710DFA}.Release|Any CPU.ActiveCfg = Release|Any CPU
		{D9058CA5-7485-4423-B454-45855D710DFA}.Release|Any CPU.Build.0 = Release|Any CPU
		{B015EB87-DE24-40A9-892F-7259B9DC2D2D}.Debug|Any CPU.ActiveCfg = Debug|Any CPU
		{B015EB87-DE24-40A9-892F-7259B9DC2D2D}.Debug|Any CPU.Build.0 = Debug|Any CPU
		{B015EB87-DE24-40A9-892F-7259B9DC2D2D}.Release|Any CPU.ActiveCfg = Release|Any CPU
		{B015EB87-DE24-40A9-892F-7259B9DC2D2D}.Release|Any CPU.Build.0 = Release|Any CPU
	EndGlobalSection
	GlobalSection(SolutionProperties) = preSolution
		HideSolutionNode = FALSE
	EndGlobalSection
	GlobalSection(ExtensibilityGlobals) = postSolution
		SolutionGuid = {115544DB-2D64-4522-9147-44EED487B463}
	EndGlobalSection
EndGlobal
